
Microsoft Visual Studio Solution File, Format Version 12.00
# Visual Studio 2013
VisualStudioVersion = 12.0.21005.1
MinimumVisualStudioVersion = 10.0.40219.1
Project("{FAE04EC0-301F-11D3-BF4B-00C04F79EFBC}") = "LagoMusical", "LagoMusical\LagoMusical.csproj", "{5678513B-EA4C-46ED-8F6B-4E05F164AA01}"
EndProject
Project("{FAE04EC0-301F-11D3-BF4B-00C04F79EFBC}") = "LagoMusicalTest", "LagoMusicalTest\LagoMusicalTest.csproj", "{180759C3-35F1-4310-884C-A917781C295F}"
EndProject
Global
	GlobalSection(SolutionConfigurationPlatforms) = preSolution
		Debug|Any CPU = Debug|Any CPU
		Release|Any CPU = Release|Any CPU
	EndGlobalSection
	GlobalSection(ProjectConfigurationPlatforms) = postSolution
		{5678513B-EA4C-46ED-8F6B-4E05F164AA01}.Debug|Any CPU.ActiveCfg = Debug|Any CPU
		{5678513B-EA4C-46ED-8F6B-4E05F164AA01}.Debug|Any CPU.Build.0 = Debug|Any CPU
		{5678513B-EA4C-46ED-8F6B-4E05F164AA01}.Release|Any CPU.ActiveCfg = Release|Any CPU
		{5678513B-EA4C-46ED-8F6B-4E05F164AA01}.Release|Any CPU.Build.0 = Release|Any CPU
		{180759C3-35F1-4310-884C-A917781C295F}.Debug|Any CPU.ActiveCfg = Debug|Any CPU
		{180759C3-35F1-4310-884C-A917781C295F}.Debug|Any CPU.Build.0 = Debug|Any CPU
		{180759C3-35F1-4310-884C-A917781C295F}.Release|Any CPU.ActiveCfg = Release|Any CPU
		{180759C3-35F1-4310-884C-A917781C295F}.Release|Any CPU.Build.0 = Release|Any CPU
	EndGlobalSection
	GlobalSection(SolutionProperties) = preSolution
		HideSolutionNode = FALSE
	EndGlobalSection
EndGlobal
